
Microsoft Visual Studio Solution File, Format Version 12.00
# Visual Studio 15
VisualStudioVersion = 15.0.28307.705
MinimumVisualStudioVersion = 10.0.40219.1
Project("{9A19103F-16F7-4668-BE54-9A1E7A4F7556}") = "WishList.Services", "WishList.Services\WishList.Services.csproj", "{DAF3C554-61FE-47C8-AAB5-1F67466BBD05}"
EndProject
Project("{9A19103F-16F7-4668-BE54-9A1E7A4F7556}") = "WishList.Repositories", "WishList.Repositories\WishList.Repositories.csproj", "{0B322713-49AF-4C5C-A2F1-0F0BAF0E6E2D}"
EndProject
Project("{9A19103F-16F7-4668-BE54-9A1E7A4F7556}") = "WishList.Repositories.ReadOnly", "WishList.Repositories.ReadOnly\WishList.Repositories.ReadOnly.csproj", "{D54675A7-3601-4B57-8789-0C4F1B2FE22E}"
EndProject
Project("{9A19103F-16F7-4668-BE54-9A1E7A4F7556}") = "WishList.Services.IoC", "WishList.Services.IoC\WishList.Services.IoC.csproj", "{1EDCD2A3-78AE-4FFF-AC97-130F258EA721}"
EndProject
Project("{9A19103F-16F7-4668-BE54-9A1E7A4F7556}") = "WishList", "WishList\WishList.csproj", "{D10122FB-AA26-45A1-AAB9-CA171D1C8136}"
EndProject
Project("{9A19103F-16F7-4668-BE54-9A1E7A4F7556}") = "WishList.Repositories.IoC", "WishList.Repositories.IoC\WishList.Repositories.IoC.csproj", "{222583F7-06FD-4924-A559-4A2CE6D76F5D}"
EndProject
Project("{2150E333-8FDC-42A3-9474-1A3956D46DE8}") = "5. Data", "5. Data", "{AE63FC3C-966C-4FE5-96BA-AE49CD39E569}"
EndProject
Project("{2150E333-8FDC-42A3-9474-1A3956D46DE8}") = "4. Services", "4. Services", "{4E9511BF-22BC-4833-A89A-7D4D30591B50}"
EndProject
Project("{2150E333-8FDC-42A3-9474-1A3956D46DE8}") = "2. Domain", "2. Domain", "{1DFB7EBE-A987-4227-8849-D10BE65CDCDD}"
EndProject
Project("{2150E333-8FDC-42A3-9474-1A3956D46DE8}") = "3. Models", "3. Models", "{2DE85DC1-6A76-460C-B9A2-B8ECBF050504}"
EndProject
Project("{2150E333-8FDC-42A3-9474-1A3956D46DE8}") = "1. Presentation", "1. Presentation", "{EF9479DF-0499-4C54-9685-83AC81634FDE}"
EndProject
Project("{9A19103F-16F7-4668-BE54-9A1E7A4F7556}") = "WishList.Models", "WishList.Models\WishList.Models.csproj", "{8237DCB1-069A-4D17-AC6A-5EB7B9674EC5}"
EndProject
Project("{9A19103F-16F7-4668-BE54-9A1E7A4F7556}") = "WishList.Domain", "WishList.Domain\WishList.Domain.csproj", "{32E14910-28A5-4031-92D4-04E74D07073D}"
EndProject
Project("{2150E333-8FDC-42A3-9474-1A3956D46DE8}") = "6. Shared", "6. Shared", "{6E095C43-57E0-45DA-AA93-30B72305B4E3}"
EndProject
Project("{9A19103F-16F7-4668-BE54-9A1E7A4F7556}") = "WishList.Shared", "WishList.Shared\WishList.Shared.csproj", "{40B6DCB6-CB3F-4C9C-9CFE-87A35C0461D4}"
EndProject
Project("{9A19103F-16F7-4668-BE54-9A1E7A4F7556}") = "WishList.Repositories.Index", "WishList.Repositories.Indexer\WishList.Repositories.Index.csproj", "{B342516F-E0D6-450A-A197-0F77B888A4AC}"
EndProject
Project("{9A19103F-16F7-4668-BE54-9A1E7A4F7556}") = "WishList.Repositories.Seed", "WishList.Repositories.Seed\WishList.Repositories.Seed.csproj", "{47BD1D28-0C88-427F-BCB6-695DCD064232}"
EndProject
Project("{E53339B2-1760-4266-BCC7-CA923CBCF16C}") = "docker-compose", "docker-compose.dcproj", "{9206BFD1-95E5-4ADB-8DB8-B2135FC76B60}"
EndProject
Global
	GlobalSection(SolutionConfigurationPlatforms) = preSolution
		Debug|Any CPU = Debug|Any CPU
		Release|Any CPU = Release|Any CPU
	EndGlobalSection
	GlobalSection(ProjectConfigurationPlatforms) = postSolution
		{DAF3C554-61FE-47C8-AAB5-1F67466BBD05}.Debug|Any CPU.ActiveCfg = Debug|Any CPU
		{DAF3C554-61FE-47C8-AAB5-1F67466BBD05}.Debug|Any CPU.Build.0 = Debug|Any CPU
		{DAF3C554-61FE-47C8-AAB5-1F67466BBD05}.Release|Any CPU.ActiveCfg = Release|Any CPU
		{DAF3C554-61FE-47C8-AAB5-1F67466BBD05}.Release|Any CPU.Build.0 = Release|Any CPU
		{0B322713-49AF-4C5C-A2F1-0F0BAF0E6E2D}.Debug|Any CPU.ActiveCfg = Debug|Any CPU
		{0B322713-49AF-4C5C-A2F1-0F0BAF0E6E2D}.Debug|Any CPU.Build.0 = Debug|Any CPU
		{0B322713-49AF-4C5C-A2F1-0F0BAF0E6E2D}.Release|Any CPU.ActiveCfg = Release|Any CPU
		{0B322713-49AF-4C5C-A2F1-0F0BAF0E6E2D}.Release|Any CPU.Build.0 = Release|Any CPU
		{D54675A7-3601-4B57-8789-0C4F1B2FE22E}.Debug|Any CPU.ActiveCfg = Debug|Any CPU
		{D54675A7-3601-4B57-8789-0C4F1B2FE22E}.Debug|Any CPU.Build.0 = Debug|Any CPU
		{D54675A7-3601-4B57-8789-0C4F1B2FE22E}.Release|Any CPU.ActiveCfg = Release|Any CPU
		{D54675A7-3601-4B57-8789-0C4F1B2FE22E}.Release|Any CPU.Build.0 = Release|Any CPU
		{1EDCD2A3-78AE-4FFF-AC97-130F258EA721}.Debug|Any CPU.ActiveCfg = Debug|Any CPU
		{1EDCD2A3-78AE-4FFF-AC97-130F258EA721}.Debug|Any CPU.Build.0 = Debug|Any CPU
		{1EDCD2A3-78AE-4FFF-AC97-130F258EA721}.Release|Any CPU.ActiveCfg = Release|Any CPU
		{1EDCD2A3-78AE-4FFF-AC97-130F258EA721}.Release|Any CPU.Build.0 = Release|Any CPU
		{D10122FB-AA26-45A1-AAB9-CA171D1C8136}.Debug|Any CPU.ActiveCfg = Debug|Any CPU
		{D10122FB-AA26-45A1-AAB9-CA171D1C8136}.Debug|Any CPU.Build.0 = Debug|Any CPU
		{D10122FB-AA26-45A1-AAB9-CA171D1C8136}.Release|Any CPU.ActiveCfg = Release|Any CPU
		{D10122FB-AA26-45A1-AAB9-CA171D1C8136}.Release|Any CPU.Build.0 = Release|Any CPU
		{222583F7-06FD-4924-A559-4A2CE6D76F5D}.Debug|Any CPU.ActiveCfg = Debug|Any CPU
		{222583F7-06FD-4924-A559-4A2CE6D76F5D}.Debug|Any CPU.Build.0 = Debug|Any CPU
		{222583F7-06FD-4924-A559-4A2CE6D76F5D}.Release|Any CPU.ActiveCfg = Release|Any CPU
		{222583F7-06FD-4924-A559-4A2CE6D76F5D}.Release|Any CPU.Build.0 = Release|Any CPU
		{8237DCB1-069A-4D17-AC6A-5EB7B9674EC5}.Debug|Any CPU.ActiveCfg = Debug|Any CPU
		{8237DCB1-069A-4D17-AC6A-5EB7B9674EC5}.Debug|Any CPU.Build.0 = Debug|Any CPU
		{8237DCB1-069A-4D17-AC6A-5EB7B9674EC5}.Release|Any CPU.ActiveCfg = Release|Any CPU
		{8237DCB1-069A-4D17-AC6A-5EB7B9674EC5}.Release|Any CPU.Build.0 = Release|Any CPU
		{32E14910-28A5-4031-92D4-04E74D07073D}.Debug|Any CPU.ActiveCfg = Debug|Any CPU
		{32E14910-28A5-4031-92D4-04E74D07073D}.Debug|Any CPU.Build.0 = Debug|Any CPU
		{32E14910-28A5-4031-92D4-04E74D07073D}.Release|Any CPU.ActiveCfg = Release|Any CPU
		{32E14910-28A5-4031-92D4-04E74D07073D}.Release|Any CPU.Build.0 = Release|Any CPU
		{40B6DCB6-CB3F-4C9C-9CFE-87A35C0461D4}.Debug|Any CPU.ActiveCfg = Debug|Any CPU
		{40B6DCB6-CB3F-4C9C-9CFE-87A35C0461D4}.Debug|Any CPU.Build.0 = Debug|Any CPU
		{40B6DCB6-CB3F-4C9C-9CFE-87A35C0461D4}.Release|Any CPU.ActiveCfg = Release|Any CPU
		{40B6DCB6-CB3F-4C9C-9CFE-87A35C0461D4}.Release|Any CPU.Build.0 = Release|Any CPU
		{B342516F-E0D6-450A-A197-0F77B888A4AC}.Debug|Any CPU.ActiveCfg = Debug|Any CPU
		{B342516F-E0D6-450A-A197-0F77B888A4AC}.Debug|Any CPU.Build.0 = Debug|Any CPU
		{B342516F-E0D6-450A-A197-0F77B888A4AC}.Release|Any CPU.ActiveCfg = Release|Any CPU
		{B342516F-E0D6-450A-A197-0F77B888A4AC}.Release|Any CPU.Build.0 = Release|Any CPU
		{47BD1D28-0C88-427F-BCB6-695DCD064232}.Debug|Any CPU.ActiveCfg = Debug|Any CPU
		{47BD1D28-0C88-427F-BCB6-695DCD064232}.Debug|Any CPU.Build.0 = Debug|Any CPU
		{47BD1D28-0C88-427F-BCB6-695DCD064232}.Release|Any CPU.ActiveCfg = Release|Any CPU
		{47BD1D28-0C88-427F-BCB6-695DCD064232}.Release|Any CPU.Build.0 = Release|Any CPU
		{9206BFD1-95E5-4ADB-8DB8-B2135FC76B60}.Debug|Any CPU.ActiveCfg = Debug|Any CPU
		{9206BFD1-95E5-4ADB-8DB8-B2135FC76B60}.Debug|Any CPU.Build.0 = Debug|Any CPU
		{9206BFD1-95E5-4ADB-8DB8-B2135FC76B60}.Release|Any CPU.ActiveCfg = Release|Any CPU
		{9206BFD1-95E5-4ADB-8DB8-B2135FC76B60}.Release|Any CPU.Build.0 = Release|Any CPU
	EndGlobalSection
	GlobalSection(SolutionProperties) = preSolution
		HideSolutionNode = FALSE
	EndGlobalSection
	GlobalSection(NestedProjects) = preSolution
		{DAF3C554-61FE-47C8-AAB5-1F67466BBD05} = {4E9511BF-22BC-4833-A89A-7D4D30591B50}
		{0B322713-49AF-4C5C-A2F1-0F0BAF0E6E2D} = {AE63FC3C-966C-4FE5-96BA-AE49CD39E569}
		{D54675A7-3601-4B57-8789-0C4F1B2FE22E} = {AE63FC3C-966C-4FE5-96BA-AE49CD39E569}
		{1EDCD2A3-78AE-4FFF-AC97-130F258EA721} = {4E9511BF-22BC-4833-A89A-7D4D30591B50}
		{D10122FB-AA26-45A1-AAB9-CA171D1C8136} = {EF9479DF-0499-4C54-9685-83AC81634FDE}
		{222583F7-06FD-4924-A559-4A2CE6D76F5D} = {AE63FC3C-966C-4FE5-96BA-AE49CD39E569}
		{8237DCB1-069A-4D17-AC6A-5EB7B9674EC5} = {2DE85DC1-6A76-460C-B9A2-B8ECBF050504}
		{32E14910-28A5-4031-92D4-04E74D07073D} = {1DFB7EBE-A987-4227-8849-D10BE65CDCDD}
		{40B6DCB6-CB3F-4C9C-9CFE-87A35C0461D4} = {6E095C43-57E0-45DA-AA93-30B72305B4E3}
		{B342516F-E0D6-450A-A197-0F77B888A4AC} = {AE63FC3C-966C-4FE5-96BA-AE49CD39E569}
		{47BD1D28-0C88-427F-BCB6-695DCD064232} = {AE63FC3C-966C-4FE5-96BA-AE49CD39E569}
	EndGlobalSection
	GlobalSection(ExtensibilityGlobals) = postSolution
		SolutionGuid = {2EA8D993-32FC-4FAA-9165-C3BDADCC83C7}
	EndGlobalSection
EndGlobal
